
Microsoft Visual Studio Solution File, Format Version 12.00
# Visual Studio Version 17
VisualStudioVersion = 17.2.32505.173
MinimumVisualStudioVersion = 10.0.40219.1
Project("{FAE04EC0-301F-11D3-BF4B-00C04F79EFBC}") = "IssuerAccount", "IssuerAccount\IssuerAccount.csproj", "{483D7E2B-6743-46F5-B5CB-7E181D7E7108}"
EndProject
Global
	GlobalSection(SolutionConfigurationPlatforms) = preSolution
		Debug|Any CPU = Debug|Any CPU
		Release|Any CPU = Release|Any CPU
	EndGlobalSection
	GlobalSection(ProjectConfigurationPlatforms) = postSolution
		{483D7E2B-6743-46F5-B5CB-7E181D7E7108}.Debug|Any CPU.ActiveCfg = Debug|Any CPU
		{483D7E2B-6743-46F5-B5CB-7E181D7E7108}.Debug|Any CPU.Build.0 = Debug|Any CPU
		{483D7E2B-6743-46F5-B5CB-7E181D7E7108}.Release|Any CPU.ActiveCfg = Release|Any CPU
		{483D7E2B-6743-46F5-B5CB-7E181D7E7108}.Release|Any CPU.Build.0 = Release|Any CPU
	EndGlobalSection
	GlobalSection(SolutionProperties) = preSolution
		HideSolutionNode = FALSE
	EndGlobalSection
	GlobalSection(ExtensibilityGlobals) = postSolution
		SolutionGuid = {1DBFEE7F-748A-49C9-A232-0F1309C69ED6}
	EndGlobalSection
EndGlobal
